
Microsoft Visual Studio Solution File, Format Version 12.00
# Visual Studio Version 17
VisualStudioVersion = 17.11.35303.130
MinimumVisualStudioVersion = 10.0.40219.1
Project("{FAE04EC0-301F-11D3-BF4B-00C04F79EFBC}") = "CommandLinePractice", "CommandLinePractice\CommandLinePractice.csproj", "{514914FA-E3D5-4002-A4A8-5C3E2639291D}"
EndProject
Global
	GlobalSection(SolutionConfigurationPlatforms) = preSolution
		Debug|Any CPU = Debug|Any CPU
		Release|Any CPU = Release|Any CPU
	EndGlobalSection
	GlobalSection(ProjectConfigurationPlatforms) = postSolution
		{514914FA-E3D5-4002-A4A8-5C3E2639291D}.Debug|Any CPU.ActiveCfg = Debug|Any CPU
		{514914FA-E3D5-4002-A4A8-5C3E2639291D}.Debug|Any CPU.Build.0 = Debug|Any CPU
		{514914FA-E3D5-4002-A4A8-5C3E2639291D}.Release|Any CPU.ActiveCfg = Release|Any CPU
		{514914FA-E3D5-4002-A4A8-5C3E2639291D}.Release|Any CPU.Build.0 = Release|Any CPU
	EndGlobalSection
	GlobalSection(SolutionProperties) = preSolution
		HideSolutionNode = FALSE
	EndGlobalSection
	GlobalSection(ExtensibilityGlobals) = postSolution
		SolutionGuid = {CB879659-7F86-4865-8C73-EF7710FE253F}
	EndGlobalSection
EndGlobal
